
Microsoft Visual Studio Solution File, Format Version 12.00
# Visual Studio 15
VisualStudioVersion = 15.0.28010.2036
MinimumVisualStudioVersion = 10.0.40219.1
Project("{8BC9CEB8-8B4A-11D0-8D11-00A0C91BC942}") = "P15", "P15\P15.vcxproj", "{E58080BD-4861-4AAE-A8EA-C407E37C23AD}"
EndProject
Global
	GlobalSection(SolutionConfigurationPlatforms) = preSolution
		Debug|x64 = Debug|x64
		Debug|x86 = Debug|x86
		Release|x64 = Release|x64
		Release|x86 = Release|x86
	EndGlobalSection
	GlobalSection(ProjectConfigurationPlatforms) = postSolution
		{E58080BD-4861-4AAE-A8EA-C407E37C23AD}.Debug|x64.ActiveCfg = Debug|x64
		{E58080BD-4861-4AAE-A8EA-C407E37C23AD}.Debug|x64.Build.0 = Debug|x64
		{E58080BD-4861-4AAE-A8EA-C407E37C23AD}.Debug|x86.ActiveCfg = Debug|Win32
		{E58080BD-4861-4AAE-A8EA-C407E37C23AD}.Debug|x86.Build.0 = Debug|Win32
		{E58080BD-4861-4AAE-A8EA-C407E37C23AD}.Release|x64.ActiveCfg = Release|x64
		{E58080BD-4861-4AAE-A8EA-C407E37C23AD}.Release|x64.Build.0 = Release|x64
		{E58080BD-4861-4AAE-A8EA-C407E37C23AD}.Release|x86.ActiveCfg = Release|Win32
		{E58080BD-4861-4AAE-A8EA-C407E37C23AD}.Release|x86.Build.0 = Release|Win32
	EndGlobalSection
	GlobalSection(SolutionProperties) = preSolution
		HideSolutionNode = FALSE
	EndGlobalSection
	GlobalSection(ExtensibilityGlobals) = postSolution
		SolutionGuid = {1F04420C-35F3-4F35-A7CA-4EFCC3C6F56C}
	EndGlobalSection
EndGlobal
